
Microsoft Visual Studio Solution File, Format Version 12.00
# Visual Studio Version 17
VisualStudioVersion = 17.14.36212.18
MinimumVisualStudioVersion = 10.0.40219.1
Project("{FAE04EC0-301F-11D3-BF4B-00C04F79EFBC}") = "ResoConsole", "ResoConsole\ResoConsole.csproj", "{C8DFB9AB-C735-E43C-7776-FE2D26722716}"
EndProject
Global
	GlobalSection(SolutionConfigurationPlatforms) = preSolution
		Debug|Any CPU = Debug|Any CPU
		Release|Any CPU = Release|Any CPU
	EndGlobalSection
	GlobalSection(ProjectConfigurationPlatforms) = postSolution
		{C8DFB9AB-C735-E43C-7776-FE2D26722716}.Debug|Any CPU.ActiveCfg = Debug|Any CPU
		{C8DFB9AB-C735-E43C-7776-FE2D26722716}.Debug|Any CPU.Build.0 = Debug|Any CPU
		{C8DFB9AB-C735-E43C-7776-FE2D26722716}.Release|Any CPU.ActiveCfg = Release|Any CPU
		{C8DFB9AB-C735-E43C-7776-FE2D26722716}.Release|Any CPU.Build.0 = Release|Any CPU
	EndGlobalSection
	GlobalSection(SolutionProperties) = preSolution
		HideSolutionNode = FALSE
	EndGlobalSection
	GlobalSection(ExtensibilityGlobals) = postSolution
		SolutionGuid = {49BB094A-16DF-45CC-BB5B-0C72871618F5}
	EndGlobalSection
EndGlobal
